
Microsoft Visual Studio Solution File, Format Version 12.00
# Visual Studio Version 16
VisualStudioVersion = 16.0.32413.511
MinimumVisualStudioVersion = 10.0.40219.1
Project("{FAE04EC0-301F-11D3-BF4B-00C04F79EFBC}") = "Tuan05_NguyenVietHoang", "Tuan05_NguyenVietHoang.csproj", "{362A194D-45E0-4550-BD45-B218EFFC73A1}"
EndProject
Global
	GlobalSection(SolutionConfigurationPlatforms) = preSolution
		Debug|Any CPU = Debug|Any CPU
		Release|Any CPU = Release|Any CPU
	EndGlobalSection
	GlobalSection(ProjectConfigurationPlatforms) = postSolution
		{362A194D-45E0-4550-BD45-B218EFFC73A1}.Debug|Any CPU.ActiveCfg = Debug|Any CPU
		{362A194D-45E0-4550-BD45-B218EFFC73A1}.Debug|Any CPU.Build.0 = Debug|Any CPU
		{362A194D-45E0-4550-BD45-B218EFFC73A1}.Release|Any CPU.ActiveCfg = Release|Any CPU
		{362A194D-45E0-4550-BD45-B218EFFC73A1}.Release|Any CPU.Build.0 = Release|Any CPU
	EndGlobalSection
	GlobalSection(SolutionProperties) = preSolution
		HideSolutionNode = FALSE
	EndGlobalSection
	GlobalSection(ExtensibilityGlobals) = postSolution
		SolutionGuid = {EDB829C7-88A3-4A5F-8E49-7254AF313CCB}
	EndGlobalSection
EndGlobal
